// !$*UTF8*$!
{
	archiveVersion = 1;
	classes = {
	};
	objectVersion = 55;
	objects = {

/* Begin PBXBuildFile section */
		5C09115628574516009E9F9F /* PersonsDetailViewController.swift in Sources */ = {isa = PBXBuildFile; fileRef = 5C09115528574516009E9F9F /* PersonsDetailViewController.swift */; };
		5C09115D28574823009E9F9F /* PersonDetailViewModel.swift in Sources */ = {isa = PBXBuildFile; fileRef = 5C09115C28574823009E9F9F /* PersonDetailViewModel.swift */; };
		5C091168285750B8009E9F9F /* PersonDetailViewController.swift in Sources */ = {isa = PBXBuildFile; fileRef = 5C091167285750B8009E9F9F /* PersonDetailViewController.swift */; };
		5C09116C2857B015009E9F9F /* PersonViewModel.swift in Sources */ = {isa = PBXBuildFile; fileRef = 5C09116B2857B015009E9F9F /* PersonViewModel.swift */; };
		5C09A0E028524A8F00A23740 /* DetailsTableViewCell.swift in Sources */ = {isa = PBXBuildFile; fileRef = 5C09A0DE28524A8F00A23740 /* DetailsTableViewCell.swift */; };
		5C0B8E69284AC3FC0010AAED /* ItemsModel.swift in Sources */ = {isa = PBXBuildFile; fileRef = 5C0B8E68284AC3FC0010AAED /* ItemsModel.swift */; };
		5C1956CB28461D6F00322FED /* NetworkRequest.swift in Sources */ = {isa = PBXBuildFile; fileRef = 5C1956CA28461D6F00322FED /* NetworkRequest.swift */; };
		5C1EF1552865864100976E80 /* PanModalViewController.swift in Sources */ = {isa = PBXBuildFile; fileRef = 5C1EF1542865864100976E80 /* PanModalViewController.swift */; };
		5C230FC6284D63FB00017A9B /* ComingSoonViewController.swift in Sources */ = {isa = PBXBuildFile; fileRef = 5C230FC5284D63FB00017A9B /* ComingSoonViewController.swift */; };
		5C230FCA284D66AF00017A9B /* ComingSoonCollectionViewCell.swift in Sources */ = {isa = PBXBuildFile; fileRef = 5C230FC8284D66AF00017A9B /* ComingSoonCollectionViewCell.swift */; };
		5C418AEB2870393D008BC547 /* GenresViewController.swift in Sources */ = {isa = PBXBuildFile; fileRef = 5C418AEA2870393D008BC547 /* GenresViewController.swift */; };
		5C418AF028703DE6008BC547 /* GenresModel.swift in Sources */ = {isa = PBXBuildFile; fileRef = 5C418AEF28703DE6008BC547 /* GenresModel.swift */; };
		5C418AF62870408E008BC547 /* GenreCollectionViewCell.swift in Sources */ = {isa = PBXBuildFile; fileRef = 5C418AF42870408E008BC547 /* GenreCollectionViewCell.swift */; };
		5C418AF72870408E008BC547 /* GenreCollectionViewCell.xib in Resources */ = {isa = PBXBuildFile; fileRef = 5C418AF52870408E008BC547 /* GenreCollectionViewCell.xib */; };
		5C418AFE28704D22008BC547 /* DiscoverViewModel.swift in Sources */ = {isa = PBXBuildFile; fileRef = 5C418AFD28704D22008BC547 /* DiscoverViewModel.swift */; };
		5C467EAF286D6FBA00D48563 /* SimiliarMoviesModel.swift in Sources */ = {isa = PBXBuildFile; fileRef = 5C467EAE286D6FBA00D48563 /* SimiliarMoviesModel.swift */; };
		5C467EB1286D71BC00D48563 /* FilmographyModel.swift in Sources */ = {isa = PBXBuildFile; fileRef = 5C467EB0286D71BC00D48563 /* FilmographyModel.swift */; };
		5C5233FD28526EE40079110F /* MovieVideoModel.swift in Sources */ = {isa = PBXBuildFile; fileRef = 5C5233FC28526EE40079110F /* MovieVideoModel.swift */; };
		5C5467572861D3B40068BB9A /* DownloadedTrailerModel.swift in Sources */ = {isa = PBXBuildFile; fileRef = 5C5467562861D3B40068BB9A /* DownloadedTrailerModel.swift */; };
		5C54675A2861E5410068BB9A /* CoreData.xcdatamodeld in Sources */ = {isa = PBXBuildFile; fileRef = 5C5467582861E5410068BB9A /* CoreData.xcdatamodeld */; };
		5C5467602861EF030068BB9A /* Main.storyboard in Resources */ = {isa = PBXBuildFile; fileRef = 5C54675F2861EF030068BB9A /* Main.storyboard */; };
		5C5467632861EFF80068BB9A /* DownloadsViewModel.swift in Sources */ = {isa = PBXBuildFile; fileRef = 5C5467622861EFF80068BB9A /* DownloadsViewModel.swift */; };
		5C5467672861F04D0068BB9A /* DownloadsCollectionViewCell.swift in Sources */ = {isa = PBXBuildFile; fileRef = 5C5467652861F04D0068BB9A /* DownloadsCollectionViewCell.swift */; };
		5C5467682861F04D0068BB9A /* DownloadsCollectionViewCell.xib in Resources */ = {isa = PBXBuildFile; fileRef = 5C5467662861F04D0068BB9A /* DownloadsCollectionViewCell.xib */; };
		5C5AAA852850C8B600407B42 /* MovieDetailsModel.swift in Sources */ = {isa = PBXBuildFile; fileRef = 5C5AAA842850C8B600407B42 /* MovieDetailsModel.swift */; };
		5C5AAA8A2850C8ED00407B42 /* MovieDetailsViewModel.swift in Sources */ = {isa = PBXBuildFile; fileRef = 5C5AAA892850C8ED00407B42 /* MovieDetailsViewModel.swift */; };
		5C5AAA8C2850C90500407B42 /* MovieDetailsViewController.swift in Sources */ = {isa = PBXBuildFile; fileRef = 5C5AAA8B2850C90500407B42 /* MovieDetailsViewController.swift */; };
		5C6EC5F528450BC000A2007A /* SceneDelegate.swift in Sources */ = {isa = PBXBuildFile; fileRef = 5C6EC5F428450BC000A2007A /* SceneDelegate.swift */; };
		5C6EC5F728450BC000A2007A /* HomeViewController.swift in Sources */ = {isa = PBXBuildFile; fileRef = 5C6EC5F628450BC000A2007A /* HomeViewController.swift */; };
		5C6EC60C284517AC00A2007A /* UIView + Extension.swift in Sources */ = {isa = PBXBuildFile; fileRef = 5C6EC60B284517AC00A2007A /* UIView + Extension.swift */; };
		5C6EC6102845747A00A2007A /* UIColor + Extension.swift in Sources */ = {isa = PBXBuildFile; fileRef = 5C6EC60F2845747A00A2007A /* UIColor + Extension.swift */; };
		5C78D6CD28476F8D002D0CFB /* CollectionViewCell.swift in Sources */ = {isa = PBXBuildFile; fileRef = 5C78D6CB28476F8D002D0CFB /* CollectionViewCell.swift */; };
		5C78D6E128497129002D0CFB /* PopularMoviesModel.swift in Sources */ = {isa = PBXBuildFile; fileRef = 5C78D6E028497129002D0CFB /* PopularMoviesModel.swift */; };
		5C78D6E3284971D1002D0CFB /* TopRatedModel.swift in Sources */ = {isa = PBXBuildFile; fileRef = 5C78D6E2284971D1002D0CFB /* TopRatedModel.swift */; };
		5C78D6E528497253002D0CFB /* DiscoverMoviesModel.swift in Sources */ = {isa = PBXBuildFile; fileRef = 5C78D6E428497253002D0CFB /* DiscoverMoviesModel.swift */; };
		5C78D6E728498A73002D0CFB /* UIImageView + Extesion.swift in Sources */ = {isa = PBXBuildFile; fileRef = 5C78D6E628498A73002D0CFB /* UIImageView + Extesion.swift */; };
		5C7C81B828570F6A00A4D772 /* MovieCastsModel.swift in Sources */ = {isa = PBXBuildFile; fileRef = 5C7C81B728570F6A00A4D772 /* MovieCastsModel.swift */; };
		5C7C81BC2857102100A4D772 /* MovieCastCollectionViewCell.swift in Sources */ = {isa = PBXBuildFile; fileRef = 5C7C81BA2857102100A4D772 /* MovieCastCollectionViewCell.swift */; };
		5C867FF3285B2536008B2356 /* SubscriptionViewController.swift in Sources */ = {isa = PBXBuildFile; fileRef = 5C867FF2285B2536008B2356 /* SubscriptionViewController.swift */; };
		5C9C949F2860EC6C00072BED /* CoreDataHelper.swift in Sources */ = {isa = PBXBuildFile; fileRef = 5C9C949E2860EC6C00072BED /* CoreDataHelper.swift */; };
		5CA17962285854C8001C6792 /* MovieCastCollectionViewCell.xib in Resources */ = {isa = PBXBuildFile; fileRef = 5C7C81BB2857102100A4D772 /* MovieCastCollectionViewCell.xib */; };
		5CA17963285854C8001C6792 /* DetailsTableViewCell.xib in Resources */ = {isa = PBXBuildFile; fileRef = 5C09A0DF28524A8F00A23740 /* DetailsTableViewCell.xib */; };
		5CA17964285854C8001C6792 /* HomeCollectionViewCell.xib in Resources */ = {isa = PBXBuildFile; fileRef = 5CCD70CB2846856000B5E19B /* HomeCollectionViewCell.xib */; };
		5CA17965285854C8001C6792 /* CollectionViewCell.xib in Resources */ = {isa = PBXBuildFile; fileRef = 5C78D6CC28476F8D002D0CFB /* CollectionViewCell.xib */; };
		5CA17966285854C8001C6792 /* ComingSoonCollectionViewCell.xib in Resources */ = {isa = PBXBuildFile; fileRef = 5C230FC9284D66AF00017A9B /* ComingSoonCollectionViewCell.xib */; };
		5CA17967285854C8001C6792 /* Assets.xcassets in Resources */ = {isa = PBXBuildFile; fileRef = 5C6EC5FB28450BC400A2007A /* Assets.xcassets */; };
		5CA17969285854C8001C6792 /* LaunchScreen.storyboard in Resources */ = {isa = PBXBuildFile; fileRef = 5C6EC5FD28450BC400A2007A /* LaunchScreen.storyboard */; };
		5CA1796D2858574B001C6792 /* PersonTableViewCell.swift in Sources */ = {isa = PBXBuildFile; fileRef = 5CA1796B2858574B001C6792 /* PersonTableViewCell.swift */; };
		5CA1796E2858574B001C6792 /* PersonTableViewCell.xib in Resources */ = {isa = PBXBuildFile; fileRef = 5CA1796C2858574B001C6792 /* PersonTableViewCell.xib */; };
		5CA1797128587BE9001C6792 /* TrailerView.swift in Sources */ = {isa = PBXBuildFile; fileRef = 5CA1797028587BE9001C6792 /* TrailerView.swift */; };
		5CA1797328587BF7001C6792 /* TrailerView.xib in Resources */ = {isa = PBXBuildFile; fileRef = 5CA1797228587BF7001C6792 /* TrailerView.xib */; };
		5CA49F3A284C125B00384A82 /* CellsViewModel.swift in Sources */ = {isa = PBXBuildFile; fileRef = 5CA49F39284C125B00384A82 /* CellsViewModel.swift */; };
		5CA49F3C284C17A700384A82 /* MovieViewModel.swift in Sources */ = {isa = PBXBuildFile; fileRef = 5CA49F3B284C17A700384A82 /* MovieViewModel.swift */; };
		5CABBA7D286DBAAB00890A87 /* SeeAllMoviesViewController.swift in Sources */ = {isa = PBXBuildFile; fileRef = 5CABBA7C286DBAAB00890A87 /* SeeAllMoviesViewController.swift */; };
		5CABBA84286DBE0D00890A87 /* SeeAllMoviesViewModel.swift in Sources */ = {isa = PBXBuildFile; fileRef = 5CABBA83286DBE0D00890A87 /* SeeAllMoviesViewModel.swift */; };
		5CC4F0542872BA8F008E4DA6 /* SearchViewController.swift in Sources */ = {isa = PBXBuildFile; fileRef = 5CC4F0532872BA8F008E4DA6 /* SearchViewController.swift */; };
		5CC4F05A2872BF67008E4DA6 /* SearchModel.swift in Sources */ = {isa = PBXBuildFile; fileRef = 5CC4F0592872BF67008E4DA6 /* SearchModel.swift */; };
		5CC4F05C2872C0A9008E4DA6 /* SearchViewModel.swift in Sources */ = {isa = PBXBuildFile; fileRef = 5CC4F05B2872C0A9008E4DA6 /* SearchViewModel.swift */; };
		5CCD70BC2846297400B5E19B /* WebService.swift in Sources */ = {isa = PBXBuildFile; fileRef = 5CCD70BB2846297400B5E19B /* WebService.swift */; };
		5CCD70BE284629F900B5E19B /* WebServiceManager.swift in Sources */ = {isa = PBXBuildFile; fileRef = 5CCD70BD284629F900B5E19B /* WebServiceManager.swift */; };
		5CCD70C02846449600B5E19B /* TrendingMovieModel.swift in Sources */ = {isa = PBXBuildFile; fileRef = 5CCD70BF2846449600B5E19B /* TrendingMovieModel.swift */; };
		5CCD70C2284645C200B5E19B /* UpcomigMoviesModel.swift in Sources */ = {isa = PBXBuildFile; fileRef = 5CCD70C1284645C200B5E19B /* UpcomigMoviesModel.swift */; };
		5CCD70C4284645D400B5E19B /* TrendingTVModel.swift in Sources */ = {isa = PBXBuildFile; fileRef = 5CCD70C3284645D400B5E19B /* TrendingTVModel.swift */; };
		5CCD70CC2846856000B5E19B /* HomeCollectionViewCell.swift in Sources */ = {isa = PBXBuildFile; fileRef = 5CCD70CA2846856000B5E19B /* HomeCollectionViewCell.swift */; };
		5CD0C4AF2857B95300EA4134 /* PersonModel.swift in Sources */ = {isa = PBXBuildFile; fileRef = 5CD0C4AE2857B95300EA4134 /* PersonModel.swift */; };
		5CD0C4B22857C0BF00EA4134 /* AppDelegate.swift in Sources */ = {isa = PBXBuildFile; fileRef = 5C6EC5F228450BC000A2007A /* AppDelegate.swift */; };
		5CD192742851489E0007621A /* TVShowsViewModel.swift in Sources */ = {isa = PBXBuildFile; fileRef = 5CD192732851489E0007621A /* TVShowsViewModel.swift */; };
		5CD1927E28514C2B0007621A /* AiringTvTodayModel.swift in Sources */ = {isa = PBXBuildFile; fileRef = 5CD1927D28514C2B0007621A /* AiringTvTodayModel.swift */; };
		5CD1928028514C470007621A /* OnTheAirTvModel.swift in Sources */ = {isa = PBXBuildFile; fileRef = 5CD1927F28514C470007621A /* OnTheAirTvModel.swift */; };
		5CD1928228514C580007621A /* PopularTvModel.swift in Sources */ = {isa = PBXBuildFile; fileRef = 5CD1928128514C580007621A /* PopularTvModel.swift */; };
		5CD1928428514C690007621A /* TopRatedTvModel.swift in Sources */ = {isa = PBXBuildFile; fileRef = 5CD1928328514C690007621A /* TopRatedTvModel.swift */; };
		5CD4937C284D5CAC0030C278 /* NowPlayingModel.swift in Sources */ = {isa = PBXBuildFile; fileRef = 5CD4937B284D5CAC0030C278 /* NowPlayingModel.swift */; };
		5CD49381284D60350030C278 /* ComingSoonViewModel.swift in Sources */ = {isa = PBXBuildFile; fileRef = 5CD49380284D60350030C278 /* ComingSoonViewModel.swift */; };
		5CD6B98328589FA600F2D8D5 /* UIViewController + Extension.swift in Sources */ = {isa = PBXBuildFile; fileRef = 5CD6B98228589FA600F2D8D5 /* UIViewController + Extension.swift */; };
		5CD6B9852858A85B00F2D8D5 /* Int + Extension.swift in Sources */ = {isa = PBXBuildFile; fileRef = 5CD6B9842858A85B00F2D8D5 /* Int + Extension.swift */; };
		5CDAAA0A285C692700C0B127 /* DownloadsViewController.swift in Sources */ = {isa = PBXBuildFile; fileRef = 5CDAAA09285C692700C0B127 /* DownloadsViewController.swift */; };
		5CDAAA0C285CA32800C0B127 /* IAPManager.swift in Sources */ = {isa = PBXBuildFile; fileRef = 5CDAAA0B285CA32800C0B127 /* IAPManager.swift */; };
		5CDAAA0E285CA59000C0B127 /* IAPViewController.swift in Sources */ = {isa = PBXBuildFile; fileRef = 5CDAAA0D285CA58F00C0B127 /* IAPViewController.swift */; };
		5CDC71742876A002008C6361 /* Movie_AppTests.swift in Sources */ = {isa = PBXBuildFile; fileRef = 5CDC71732876A002008C6361 /* Movie_AppTests.swift */; };
		5CDC717E2876CBF2008C6361 /* HomeTests.swift in Sources */ = {isa = PBXBuildFile; fileRef = 5CDC717D2876CBF2008C6361 /* HomeTests.swift */; };
		5CDD537C285887AA002376A8 /* PlayerCollectionViewCell.swift in Sources */ = {isa = PBXBuildFile; fileRef = 5CDD537A285887AA002376A8 /* PlayerCollectionViewCell.swift */; };
		5CDD537D285887AA002376A8 /* PlayerCollectionViewCell.xib in Resources */ = {isa = PBXBuildFile; fileRef = 5CDD537B285887AA002376A8 /* PlayerCollectionViewCell.xib */; };
		5CDD538028588B30002376A8 /* PlayerViewModel.swift in Sources */ = {isa = PBXBuildFile; fileRef = 5CDD537F28588B30002376A8 /* PlayerViewModel.swift */; };
		5CDFAB41287311CF002E5704 /* TvShowDetailsViewController.swift in Sources */ = {isa = PBXBuildFile; fileRef = 5CDFAB40287311CF002E5704 /* TvShowDetailsViewController.swift */; };
		5CDFAB45287312F6002E5704 /* TvShowDetailsTableViewCell.swift in Sources */ = {isa = PBXBuildFile; fileRef = 5CDFAB43287312F6002E5704 /* TvShowDetailsTableViewCell.swift */; };
		5CDFAB46287312F6002E5704 /* TvShowDetailsTableViewCell.xib in Resources */ = {isa = PBXBuildFile; fileRef = 5CDFAB44287312F6002E5704 /* TvShowDetailsTableViewCell.xib */; };
		5CDFAB482873169F002E5704 /* TvTrailerModel.swift in Sources */ = {isa = PBXBuildFile; fileRef = 5CDFAB472873169F002E5704 /* TvTrailerModel.swift */; };
		5CDFAB4A2873172A002E5704 /* TvDetailsModel.swift in Sources */ = {isa = PBXBuildFile; fileRef = 5CDFAB492873172A002E5704 /* TvDetailsModel.swift */; };
		5CDFAB4C28731A38002E5704 /* TvSeasonsModel.swift in Sources */ = {isa = PBXBuildFile; fileRef = 5CDFAB4B28731A38002E5704 /* TvSeasonsModel.swift */; };
		5CDFAB4E28731A7D002E5704 /* TvEpisonsModel.swift in Sources */ = {isa = PBXBuildFile; fileRef = 5CDFAB4D28731A7D002E5704 /* TvEpisonsModel.swift */; };
		5CDFAB5028731BFA002E5704 /* TvCastsModel.swift in Sources */ = {isa = PBXBuildFile; fileRef = 5CDFAB4F28731BFA002E5704 /* TvCastsModel.swift */; };
		5CDFAB5228731C2C002E5704 /* TvShowDetailsViewModel.swift in Sources */ = {isa = PBXBuildFile; fileRef = 5CDFAB5128731C2C002E5704 /* TvShowDetailsViewModel.swift */; };
		5CE1A6D4286344C7005C1596 /* RatePostModel.swift in Sources */ = {isa = PBXBuildFile; fileRef = 5CE1A6D3286344C7005C1596 /* RatePostModel.swift */; };
		5CE1E27BBCC412B741D07F25 /* Pods_Movie_App.framework in Frameworks */ = {isa = PBXBuildFile; fileRef = FDF5718962C0D3A3F79FDDFA /* Pods_Movie_App.framework */; };
/* End PBXBuildFile section */

/* Begin PBXContainerItemProxy section */
		5CDC71752876A002008C6361 /* PBXContainerItemProxy */ = {
			isa = PBXContainerItemProxy;
			containerPortal = 5C6EC5E728450BC000A2007A /* Project object */;
			proxyType = 1;
			remoteGlobalIDString = 5C6EC5EE28450BC000A2007A;
			remoteInfo = "Movie App";
		};
/* End PBXContainerItemProxy section */

/* Begin PBXFileReference section */
		5BCC0988A66896E36048B95D /* Pods-Movie App.release.xcconfig */ = {isa = PBXFileReference; includeInIndex = 1; lastKnownFileType = text.xcconfig; name = "Pods-Movie App.release.xcconfig"; path = "Target Support Files/Pods-Movie App/Pods-Movie App.release.xcconfig"; sourceTree = "<group>"; };
		5C09115528574516009E9F9F /* PersonsDetailViewController.swift */ = {isa = PBXFileReference; lastKnownFileType = sourcecode.swift; path = PersonsDetailViewController.swift; sourceTree = "<group>"; };
		5C09115C28574823009E9F9F /* PersonDetailViewModel.swift */ = {isa = PBXFileReference; lastKnownFileType = sourcecode.swift; path = PersonDetailViewModel.swift; sourceTree = "<group>"; };
		5C091167285750B8009E9F9F /* PersonDetailViewController.swift */ = {isa = PBXFileReference; lastKnownFileType = sourcecode.swift; path = PersonDetailViewController.swift; sourceTree = "<group>"; };
		5C09116B2857B015009E9F9F /* PersonViewModel.swift */ = {isa = PBXFileReference; lastKnownFileType = sourcecode.swift; path = PersonViewModel.swift; sourceTree = "<group>"; };
		5C09A0DE28524A8F00A23740 /* DetailsTableViewCell.swift */ = {isa = PBXFileReference; lastKnownFileType = sourcecode.swift; path = DetailsTableViewCell.swift; sourceTree = "<group>"; };
		5C09A0DF28524A8F00A23740 /* DetailsTableViewCell.xib */ = {isa = PBXFileReference; lastKnownFileType = file.xib; path = DetailsTableViewCell.xib; sourceTree = "<group>"; };
		5C0B8E68284AC3FC0010AAED /* ItemsModel.swift */ = {isa = PBXFileReference; lastKnownFileType = sourcecode.swift; path = ItemsModel.swift; sourceTree = "<group>"; };
		5C1956CA28461D6F00322FED /* NetworkRequest.swift */ = {isa = PBXFileReference; lastKnownFileType = sourcecode.swift; path = NetworkRequest.swift; sourceTree = "<group>"; };
		5C1EF1542865864100976E80 /* PanModalViewController.swift */ = {isa = PBXFileReference; lastKnownFileType = sourcecode.swift; path = PanModalViewController.swift; sourceTree = "<group>"; };
		5C230FC5284D63FB00017A9B /* ComingSoonViewController.swift */ = {isa = PBXFileReference; lastKnownFileType = sourcecode.swift; path = ComingSoonViewController.swift; sourceTree = "<group>"; };
		5C230FC8284D66AF00017A9B /* ComingSoonCollectionViewCell.swift */ = {isa = PBXFileReference; lastKnownFileType = sourcecode.swift; path = ComingSoonCollectionViewCell.swift; sourceTree = "<group>"; };
		5C230FC9284D66AF00017A9B /* ComingSoonCollectionViewCell.xib */ = {isa = PBXFileReference; lastKnownFileType = file.xib; path = ComingSoonCollectionViewCell.xib; sourceTree = "<group>"; };
		5C418AEA2870393D008BC547 /* GenresViewController.swift */ = {isa = PBXFileReference; lastKnownFileType = sourcecode.swift; path = GenresViewController.swift; sourceTree = "<group>"; };
		5C418AEF28703DE6008BC547 /* GenresModel.swift */ = {isa = PBXFileReference; lastKnownFileType = sourcecode.swift; path = GenresModel.swift; sourceTree = "<group>"; };
		5C418AF42870408E008BC547 /* GenreCollectionViewCell.swift */ = {isa = PBXFileReference; lastKnownFileType = sourcecode.swift; path = GenreCollectionViewCell.swift; sourceTree = "<group>"; };
		5C418AF52870408E008BC547 /* GenreCollectionViewCell.xib */ = {isa = PBXFileReference; lastKnownFileType = file.xib; path = GenreCollectionViewCell.xib; sourceTree = "<group>"; };
		5C418AFD28704D22008BC547 /* DiscoverViewModel.swift */ = {isa = PBXFileReference; lastKnownFileType = sourcecode.swift; path = DiscoverViewModel.swift; sourceTree = "<group>"; };
		5C41BE08285CAEAE00E63AE2 /* Configuration.storekit */ = {isa = PBXFileReference; lastKnownFileType = text; path = Configuration.storekit; sourceTree = "<group>"; };
		5C467EAE286D6FBA00D48563 /* SimiliarMoviesModel.swift */ = {isa = PBXFileReference; lastKnownFileType = sourcecode.swift; path = SimiliarMoviesModel.swift; sourceTree = "<group>"; };
		5C467EB0286D71BC00D48563 /* FilmographyModel.swift */ = {isa = PBXFileReference; lastKnownFileType = sourcecode.swift; path = FilmographyModel.swift; sourceTree = "<group>"; };
		5C5233FC28526EE40079110F /* MovieVideoModel.swift */ = {isa = PBXFileReference; lastKnownFileType = sourcecode.swift; path = MovieVideoModel.swift; sourceTree = "<group>"; };
		5C5467562861D3B40068BB9A /* DownloadedTrailerModel.swift */ = {isa = PBXFileReference; lastKnownFileType = sourcecode.swift; path = DownloadedTrailerModel.swift; sourceTree = "<group>"; };
		5C5467592861E5410068BB9A /* CoreData.xcdatamodel */ = {isa = PBXFileReference; lastKnownFileType = wrapper.xcdatamodel; path = CoreData.xcdatamodel; sourceTree = "<group>"; };
		5C54675F2861EF030068BB9A /* Main.storyboard */ = {isa = PBXFileReference; fileEncoding = 4; lastKnownFileType = file.storyboard; path = Main.storyboard; sourceTree = "<group>"; };
		5C5467622861EFF80068BB9A /* DownloadsViewModel.swift */ = {isa = PBXFileReference; lastKnownFileType = sourcecode.swift; path = DownloadsViewModel.swift; sourceTree = "<group>"; };
		5C5467652861F04D0068BB9A /* DownloadsCollectionViewCell.swift */ = {isa = PBXFileReference; lastKnownFileType = sourcecode.swift; path = DownloadsCollectionViewCell.swift; sourceTree = "<group>"; };
		5C5467662861F04D0068BB9A /* DownloadsCollectionViewCell.xib */ = {isa = PBXFileReference; lastKnownFileType = file.xib; path = DownloadsCollectionViewCell.xib; sourceTree = "<group>"; };
		5C5AAA842850C8B600407B42 /* MovieDetailsModel.swift */ = {isa = PBXFileReference; lastKnownFileType = sourcecode.swift; path = MovieDetailsModel.swift; sourceTree = "<group>"; };
		5C5AAA892850C8ED00407B42 /* MovieDetailsViewModel.swift */ = {isa = PBXFileReference; lastKnownFileType = sourcecode.swift; path = MovieDetailsViewModel.swift; sourceTree = "<group>"; };
		5C5AAA8B2850C90500407B42 /* MovieDetailsViewController.swift */ = {isa = PBXFileReference; lastKnownFileType = sourcecode.swift; path = MovieDetailsViewController.swift; sourceTree = "<group>"; };
		5C6EC5EF28450BC000A2007A /* Movie App.app */ = {isa = PBXFileReference; explicitFileType = wrapper.application; includeInIndex = 0; path = "Movie App.app"; sourceTree = BUILT_PRODUCTS_DIR; };
		5C6EC5F228450BC000A2007A /* AppDelegate.swift */ = {isa = PBXFileReference; lastKnownFileType = sourcecode.swift; path = AppDelegate.swift; sourceTree = "<group>"; };
		5C6EC5F428450BC000A2007A /* SceneDelegate.swift */ = {isa = PBXFileReference; lastKnownFileType = sourcecode.swift; path = SceneDelegate.swift; sourceTree = "<group>"; };
		5C6EC5F628450BC000A2007A /* HomeViewController.swift */ = {isa = PBXFileReference; lastKnownFileType = sourcecode.swift; path = HomeViewController.swift; sourceTree = "<group>"; };
		5C6EC5FB28450BC400A2007A /* Assets.xcassets */ = {isa = PBXFileReference; lastKnownFileType = folder.assetcatalog; path = Assets.xcassets; sourceTree = "<group>"; };
		5C6EC5FE28450BC400A2007A /* Base */ = {isa = PBXFileReference; lastKnownFileType = file.storyboard; name = Base; path = Base.lproj/LaunchScreen.storyboard; sourceTree = "<group>"; };
		5C6EC60028450BC400A2007A /* Info.plist */ = {isa = PBXFileReference; lastKnownFileType = text.plist.xml; path = Info.plist; sourceTree = "<group>"; };
		5C6EC60B284517AC00A2007A /* UIView + Extension.swift */ = {isa = PBXFileReference; lastKnownFileType = sourcecode.swift; path = "UIView + Extension.swift"; sourceTree = "<group>"; };
		5C6EC60F2845747A00A2007A /* UIColor + Extension.swift */ = {isa = PBXFileReference; lastKnownFileType = sourcecode.swift; path = "UIColor + Extension.swift"; sourceTree = "<group>"; };
		5C78D6CB28476F8D002D0CFB /* CollectionViewCell.swift */ = {isa = PBXFileReference; lastKnownFileType = sourcecode.swift; path = CollectionViewCell.swift; sourceTree = "<group>"; };
		5C78D6CC28476F8D002D0CFB /* CollectionViewCell.xib */ = {isa = PBXFileReference; lastKnownFileType = file.xib; path = CollectionViewCell.xib; sourceTree = "<group>"; };
		5C78D6E028497129002D0CFB /* PopularMoviesModel.swift */ = {isa = PBXFileReference; lastKnownFileType = sourcecode.swift; path = PopularMoviesModel.swift; sourceTree = "<group>"; };
		5C78D6E2284971D1002D0CFB /* TopRatedModel.swift */ = {isa = PBXFileReference; lastKnownFileType = sourcecode.swift; path = TopRatedModel.swift; sourceTree = "<group>"; };
		5C78D6E428497253002D0CFB /* DiscoverMoviesModel.swift */ = {isa = PBXFileReference; lastKnownFileType = sourcecode.swift; path = DiscoverMoviesModel.swift; sourceTree = "<group>"; };
		5C78D6E628498A73002D0CFB /* UIImageView + Extesion.swift */ = {isa = PBXFileReference; lastKnownFileType = sourcecode.swift; path = "UIImageView + Extesion.swift"; sourceTree = "<group>"; };
		5C7C81B728570F6A00A4D772 /* MovieCastsModel.swift */ = {isa = PBXFileReference; lastKnownFileType = sourcecode.swift; path = MovieCastsModel.swift; sourceTree = "<group>"; };
		5C7C81BA2857102100A4D772 /* MovieCastCollectionViewCell.swift */ = {isa = PBXFileReference; lastKnownFileType = sourcecode.swift; path = MovieCastCollectionViewCell.swift; sourceTree = "<group>"; };
		5C7C81BB2857102100A4D772 /* MovieCastCollectionViewCell.xib */ = {isa = PBXFileReference; lastKnownFileType = file.xib; path = MovieCastCollectionViewCell.xib; sourceTree = "<group>"; };
		5C867FF2285B2536008B2356 /* SubscriptionViewController.swift */ = {isa = PBXFileReference; lastKnownFileType = sourcecode.swift; path = SubscriptionViewController.swift; sourceTree = "<group>"; };
		5C9C949E2860EC6C00072BED /* CoreDataHelper.swift */ = {isa = PBXFileReference; lastKnownFileType = sourcecode.swift; path = CoreDataHelper.swift; sourceTree = "<group>"; };
		5CA1796B2858574B001C6792 /* PersonTableViewCell.swift */ = {isa = PBXFileReference; lastKnownFileType = sourcecode.swift; path = PersonTableViewCell.swift; sourceTree = "<group>"; };
		5CA1796C2858574B001C6792 /* PersonTableViewCell.xib */ = {isa = PBXFileReference; lastKnownFileType = file.xib; path = PersonTableViewCell.xib; sourceTree = "<group>"; };
		5CA1797028587BE9001C6792 /* TrailerView.swift */ = {isa = PBXFileReference; lastKnownFileType = sourcecode.swift; path = TrailerView.swift; sourceTree = "<group>"; };
		5CA1797228587BF7001C6792 /* TrailerView.xib */ = {isa = PBXFileReference; lastKnownFileType = file.xib; path = TrailerView.xib; sourceTree = "<group>"; };
		5CA49F39284C125B00384A82 /* CellsViewModel.swift */ = {isa = PBXFileReference; lastKnownFileType = sourcecode.swift; path = CellsViewModel.swift; sourceTree = "<group>"; };
		5CA49F3B284C17A700384A82 /* MovieViewModel.swift */ = {isa = PBXFileReference; lastKnownFileType = sourcecode.swift; path = MovieViewModel.swift; sourceTree = "<group>"; };
		5CABBA7C286DBAAB00890A87 /* SeeAllMoviesViewController.swift */ = {isa = PBXFileReference; lastKnownFileType = sourcecode.swift; path = SeeAllMoviesViewController.swift; sourceTree = "<group>"; };
		5CABBA83286DBE0D00890A87 /* SeeAllMoviesViewModel.swift */ = {isa = PBXFileReference; lastKnownFileType = sourcecode.swift; path = SeeAllMoviesViewModel.swift; sourceTree = "<group>"; };
		5CC4F0532872BA8F008E4DA6 /* SearchViewController.swift */ = {isa = PBXFileReference; lastKnownFileType = sourcecode.swift; path = SearchViewController.swift; sourceTree = "<group>"; };
		5CC4F0592872BF67008E4DA6 /* SearchModel.swift */ = {isa = PBXFileReference; lastKnownFileType = sourcecode.swift; path = SearchModel.swift; sourceTree = "<group>"; };
		5CC4F05B2872C0A9008E4DA6 /* SearchViewModel.swift */ = {isa = PBXFileReference; lastKnownFileType = sourcecode.swift; path = SearchViewModel.swift; sourceTree = "<group>"; };
		5CCD70BB2846297400B5E19B /* WebService.swift */ = {isa = PBXFileReference; lastKnownFileType = sourcecode.swift; path = WebService.swift; sourceTree = "<group>"; };
		5CCD70BD284629F900B5E19B /* WebServiceManager.swift */ = {isa = PBXFileReference; lastKnownFileType = sourcecode.swift; path = WebServiceManager.swift; sourceTree = "<group>"; };
		5CCD70BF2846449600B5E19B /* TrendingMovieModel.swift */ = {isa = PBXFileReference; lastKnownFileType = sourcecode.swift; path = TrendingMovieModel.swift; sourceTree = "<group>"; };
		5CCD70C1284645C200B5E19B /* UpcomigMoviesModel.swift */ = {isa = PBXFileReference; lastKnownFileType = sourcecode.swift; path = UpcomigMoviesModel.swift; sourceTree = "<group>"; };
		5CCD70C3284645D400B5E19B /* TrendingTVModel.swift */ = {isa = PBXFileReference; lastKnownFileType = sourcecode.swift; path = TrendingTVModel.swift; sourceTree = "<group>"; };
		5CCD70CA2846856000B5E19B /* HomeCollectionViewCell.swift */ = {isa = PBXFileReference; lastKnownFileType = sourcecode.swift; path = HomeCollectionViewCell.swift; sourceTree = "<group>"; };
		5CCD70CB2846856000B5E19B /* HomeCollectionViewCell.xib */ = {isa = PBXFileReference; lastKnownFileType = file.xib; path = HomeCollectionViewCell.xib; sourceTree = "<group>"; };
		5CD0C4AE2857B95300EA4134 /* PersonModel.swift */ = {isa = PBXFileReference; lastKnownFileType = sourcecode.swift; path = PersonModel.swift; sourceTree = "<group>"; };
		5CD192732851489E0007621A /* TVShowsViewModel.swift */ = {isa = PBXFileReference; lastKnownFileType = sourcecode.swift; path = TVShowsViewModel.swift; sourceTree = "<group>"; };
		5CD1927D28514C2B0007621A /* AiringTvTodayModel.swift */ = {isa = PBXFileReference; lastKnownFileType = sourcecode.swift; path = AiringTvTodayModel.swift; sourceTree = "<group>"; };
		5CD1927F28514C470007621A /* OnTheAirTvModel.swift */ = {isa = PBXFileReference; lastKnownFileType = sourcecode.swift; path = OnTheAirTvModel.swift; sourceTree = "<group>"; };
		5CD1928128514C580007621A /* PopularTvModel.swift */ = {isa = PBXFileReference; lastKnownFileType = sourcecode.swift; path = PopularTvModel.swift; sourceTree = "<group>"; };
		5CD1928328514C690007621A /* TopRatedTvModel.swift */ = {isa = PBXFileReference; lastKnownFileType = sourcecode.swift; path = TopRatedTvModel.swift; sourceTree = "<group>"; };
		5CD4937B284D5CAC0030C278 /* NowPlayingModel.swift */ = {isa = PBXFileReference; lastKnownFileType = sourcecode.swift; path = NowPlayingModel.swift; sourceTree = "<group>"; };
		5CD49380284D60350030C278 /* ComingSoonViewModel.swift */ = {isa = PBXFileReference; lastKnownFileType = sourcecode.swift; path = ComingSoonViewModel.swift; sourceTree = "<group>"; };
		5CD6B98228589FA600F2D8D5 /* UIViewController + Extension.swift */ = {isa = PBXFileReference; lastKnownFileType = sourcecode.swift; path = "UIViewController + Extension.swift"; sourceTree = "<group>"; };
		5CD6B9842858A85B00F2D8D5 /* Int + Extension.swift */ = {isa = PBXFileReference; lastKnownFileType = sourcecode.swift; path = "Int + Extension.swift"; sourceTree = "<group>"; };
		5CDAAA09285C692700C0B127 /* DownloadsViewController.swift */ = {isa = PBXFileReference; lastKnownFileType = sourcecode.swift; path = DownloadsViewController.swift; sourceTree = "<group>"; };
		5CDAAA0B285CA32800C0B127 /* IAPManager.swift */ = {isa = PBXFileReference; lastKnownFileType = sourcecode.swift; path = IAPManager.swift; sourceTree = "<group>"; };
		5CDAAA0D285CA58F00C0B127 /* IAPViewController.swift */ = {isa = PBXFileReference; lastKnownFileType = sourcecode.swift; path = IAPViewController.swift; sourceTree = "<group>"; };
		5CDC71712876A001008C6361 /* Movie AppTests.xctest */ = {isa = PBXFileReference; explicitFileType = wrapper.cfbundle; includeInIndex = 0; path = "Movie AppTests.xctest"; sourceTree = BUILT_PRODUCTS_DIR; };
		5CDC71732876A002008C6361 /* Movie_AppTests.swift */ = {isa = PBXFileReference; lastKnownFileType = sourcecode.swift; path = Movie_AppTests.swift; sourceTree = "<group>"; };
		5CDC717D2876CBF2008C6361 /* HomeTests.swift */ = {isa = PBXFileReference; lastKnownFileType = sourcecode.swift; path = HomeTests.swift; sourceTree = "<group>"; };
		5CDD537A285887AA002376A8 /* PlayerCollectionViewCell.swift */ = {isa = PBXFileReference; lastKnownFileType = sourcecode.swift; path = PlayerCollectionViewCell.swift; sourceTree = "<group>"; };
		5CDD537B285887AA002376A8 /* PlayerCollectionViewCell.xib */ = {isa = PBXFileReference; lastKnownFileType = file.xib; path = PlayerCollectionViewCell.xib; sourceTree = "<group>"; };
		5CDD537F28588B30002376A8 /* PlayerViewModel.swift */ = {isa = PBXFileReference; lastKnownFileType = sourcecode.swift; path = PlayerViewModel.swift; sourceTree = "<group>"; };
		5CDFAB40287311CF002E5704 /* TvShowDetailsViewController.swift */ = {isa = PBXFileReference; lastKnownFileType = sourcecode.swift; path = TvShowDetailsViewController.swift; sourceTree = "<group>"; };
		5CDFAB43287312F6002E5704 /* TvShowDetailsTableViewCell.swift */ = {isa = PBXFileReference; lastKnownFileType = sourcecode.swift; path = TvShowDetailsTableViewCell.swift; sourceTree = "<group>"; };
		5CDFAB44287312F6002E5704 /* TvShowDetailsTableViewCell.xib */ = {isa = PBXFileReference; lastKnownFileType = file.xib; path = TvShowDetailsTableViewCell.xib; sourceTree = "<group>"; };
		5CDFAB472873169F002E5704 /* TvTrailerModel.swift */ = {isa = PBXFileReference; lastKnownFileType = sourcecode.swift; path = TvTrailerModel.swift; sourceTree = "<group>"; };
		5CDFAB492873172A002E5704 /* TvDetailsModel.swift */ = {isa = PBXFileReference; lastKnownFileType = sourcecode.swift; path = TvDetailsModel.swift; sourceTree = "<group>"; };
		5CDFAB4B28731A38002E5704 /* TvSeasonsModel.swift */ = {isa = PBXFileReference; lastKnownFileType = sourcecode.swift; path = TvSeasonsModel.swift; sourceTree = "<group>"; };
		5CDFAB4D28731A7D002E5704 /* TvEpisonsModel.swift */ = {isa = PBXFileReference; lastKnownFileType = sourcecode.swift; path = TvEpisonsModel.swift; sourceTree = "<group>"; };
		5CDFAB4F28731BFA002E5704 /* TvCastsModel.swift */ = {isa = PBXFileReference; lastKnownFileType = sourcecode.swift; path = TvCastsModel.swift; sourceTree = "<group>"; };
		5CDFAB5128731C2C002E5704 /* TvShowDetailsViewModel.swift */ = {isa = PBXFileReference; lastKnownFileType = sourcecode.swift; path = TvShowDetailsViewModel.swift; sourceTree = "<group>"; };
		5CE1A6D3286344C7005C1596 /* RatePostModel.swift */ = {isa = PBXFileReference; lastKnownFileType = sourcecode.swift; path = RatePostModel.swift; sourceTree = "<group>"; };
		74B1E7782839D4837FE71DA7 /* Pods-Movie App.debug.xcconfig */ = {isa = PBXFileReference; includeInIndex = 1; lastKnownFileType = text.xcconfig; name = "Pods-Movie App.debug.xcconfig"; path = "Target Support Files/Pods-Movie App/Pods-Movie App.debug.xcconfig"; sourceTree = "<group>"; };
		FDF5718962C0D3A3F79FDDFA /* Pods_Movie_App.framework */ = {isa = PBXFileReference; explicitFileType = wrapper.framework; includeInIndex = 0; path = Pods_Movie_App.framework; sourceTree = BUILT_PRODUCTS_DIR; };
/* End PBXFileReference section */

/* Begin PBXFrameworksBuildPhase section */
		5C6EC5EC28450BC000A2007A /* Frameworks */ = {
			isa = PBXFrameworksBuildPhase;
			buildActionMask = 2147483647;
			files = (
				5CE1E27BBCC412B741D07F25 /* Pods_Movie_App.framework in Frameworks */,
			);
			runOnlyForDeploymentPostprocessing = 0;
		};
		5CDC716E2876A001008C6361 /* Frameworks */ = {
			isa = PBXFrameworksBuildPhase;
			buildActionMask = 2147483647;
			files = (
			);
			runOnlyForDeploymentPostprocessing = 0;
		};
/* End PBXFrameworksBuildPhase section */

/* Begin PBXGroup section */
		59140991A4E04945F83B5CB1 /* Pods */ = {
			isa = PBXGroup;
			children = (
				74B1E7782839D4837FE71DA7 /* Pods-Movie App.debug.xcconfig */,
				5BCC0988A66896E36048B95D /* Pods-Movie App.release.xcconfig */,
			);
			path = Pods;
			sourceTree = "<group>";
		};
		5C091154285744C3009E9F9F /* PersonsDetailModule */ = {
			isa = PBXGroup;
			children = (
				5C0911572857451A009E9F9F /* View */,
				5C091159285747F5009E9F9F /* ViewModel */,
			);
			path = PersonsDetailModule;
			sourceTree = "<group>";
		};
		5C0911572857451A009E9F9F /* View */ = {
			isa = PBXGroup;
			children = (
				5C09115528574516009E9F9F /* PersonsDetailViewController.swift */,
			);
			path = View;
			sourceTree = "<group>";
		};
		5C091159285747F5009E9F9F /* ViewModel */ = {
			isa = PBXGroup;
			children = (
				5C09115C28574823009E9F9F /* PersonDetailViewModel.swift */,
			);
			path = ViewModel;
			sourceTree = "<group>";
		};
		5C09116328575052009E9F9F /* PersonDetail */ = {
			isa = PBXGroup;
			children = (
				5C09116528575078009E9F9F /* Model */,
				5C0911642857506F009E9F9F /* View */,
				5C0911662857507D009E9F9F /* ViewModel */,
			);
			path = PersonDetail;
			sourceTree = "<group>";
		};
		5C0911642857506F009E9F9F /* View */ = {
			isa = PBXGroup;
			children = (
				5C091167285750B8009E9F9F /* PersonDetailViewController.swift */,
			);
			path = View;
			sourceTree = "<group>";
		};
		5C09116528575078009E9F9F /* Model */ = {
			isa = PBXGroup;
			children = (
				5CD0C4AE2857B95300EA4134 /* PersonModel.swift */,
				5C467EB0286D71BC00D48563 /* FilmographyModel.swift */,
			);
			path = Model;
			sourceTree = "<group>";
		};
		5C0911662857507D009E9F9F /* ViewModel */ = {
			isa = PBXGroup;
			children = (
				5C09116B2857B015009E9F9F /* PersonViewModel.swift */,
			);
			path = ViewModel;
			sourceTree = "<group>";
		};
		5C1956C928461D4F00322FED /* Network */ = {
			isa = PBXGroup;
			children = (
				5C1956CA28461D6F00322FED /* NetworkRequest.swift */,
				5CCD70BB2846297400B5E19B /* WebService.swift */,
				5CCD70BD284629F900B5E19B /* WebServiceManager.swift */,
				5CDAAA0B285CA32800C0B127 /* IAPManager.swift */,
				5C41BE08285CAEAE00E63AE2 /* Configuration.storekit */,
			);
			path = Network;
			sourceTree = "<group>";
		};
		5C1FBF5928522DB800BAA7B3 /* MovieDetailsCell */ = {
			isa = PBXGroup;
			children = (
				5C09A0DE28524A8F00A23740 /* DetailsTableViewCell.swift */,
				5C09A0DF28524A8F00A23740 /* DetailsTableViewCell.xib */,
			);
			path = MovieDetailsCell;
			sourceTree = "<group>";
		};
		5C230FC4284D63D900017A9B /* View */ = {
			isa = PBXGroup;
			children = (
				5C230FC5284D63FB00017A9B /* ComingSoonViewController.swift */,
			);
			path = View;
			sourceTree = "<group>";
		};
		5C230FC7284D668600017A9B /* ComingSoonCell */ = {
			isa = PBXGroup;
			children = (
				5C230FC8284D66AF00017A9B /* ComingSoonCollectionViewCell.swift */,
				5C230FC9284D66AF00017A9B /* ComingSoonCollectionViewCell.xib */,
			);
			path = ComingSoonCell;
			sourceTree = "<group>";
		};
		5C2B1259289807EB003A446E /* Extesions */ = {
			isa = PBXGroup;
			children = (
				5CD6B98228589FA600F2D8D5 /* UIViewController + Extension.swift */,
				5C6EC60B284517AC00A2007A /* UIView + Extension.swift */,
				5C6EC60F2845747A00A2007A /* UIColor + Extension.swift */,
				5C78D6E628498A73002D0CFB /* UIImageView + Extesion.swift */,
				5CD6B9842858A85B00F2D8D5 /* Int + Extension.swift */,
			);
			path = Extesions;
			sourceTree = "<group>";
		};
		5C418AE928703914008BC547 /* DiscoverModule */ = {
			isa = PBXGroup;
			children = (
				5C418AFA28704CFC008BC547 /* Model */,
				5C418AF928704CF6008BC547 /* View */,
				5C418AFB28704D01008BC547 /* ViewModel */,
			);
			path = DiscoverModule;
			sourceTree = "<group>";
		};
		5C418AEC28703D8A008BC547 /* Model */ = {
			isa = PBXGroup;
			children = (
				5C418AEF28703DE6008BC547 /* GenresModel.swift */,
			);
			path = Model;
			sourceTree = "<group>";
		};
		5C418AED28703D91008BC547 /* View */ = {
			isa = PBXGroup;
			children = (
				5C418AEA2870393D008BC547 /* GenresViewController.swift */,
			);
			path = View;
			sourceTree = "<group>";
		};
		5C418AEE28703D99008BC547 /* ViewModel */ = {
			isa = PBXGroup;
			children = (
			);
			path = ViewModel;
			sourceTree = "<group>";
		};
		5C418AF328704062008BC547 /* Genres Cell */ = {
			isa = PBXGroup;
			children = (
				5C418AF42870408E008BC547 /* GenreCollectionViewCell.swift */,
				5C418AF52870408E008BC547 /* GenreCollectionViewCell.xib */,
			);
			path = "Genres Cell";
			sourceTree = "<group>";
		};
		5C418AF828704CDB008BC547 /* GenresModule */ = {
			isa = PBXGroup;
			children = (
				5C418AEC28703D8A008BC547 /* Model */,
				5C418AED28703D91008BC547 /* View */,
				5C418AEE28703D99008BC547 /* ViewModel */,
			);
			path = GenresModule;
			sourceTree = "<group>";
		};
		5C418AF928704CF6008BC547 /* View */ = {
			isa = PBXGroup;
			children = (
			);
			path = View;
			sourceTree = "<group>";
		};
		5C418AFA28704CFC008BC547 /* Model */ = {
			isa = PBXGroup;
			children = (
				5C78D6E428497253002D0CFB /* DiscoverMoviesModel.swift */,
			);
			path = Model;
			sourceTree = "<group>";
		};
		5C418AFB28704D01008BC547 /* ViewModel */ = {
			isa = PBXGroup;
			children = (
				5C418AFD28704D22008BC547 /* DiscoverViewModel.swift */,
			);
			path = ViewModel;
			sourceTree = "<group>";
		};
		5C5467612861EFDF0068BB9A /* ViewModel */ = {
			isa = PBXGroup;
			children = (
				5C5467622861EFF80068BB9A /* DownloadsViewModel.swift */,
			);
			path = ViewModel;
			sourceTree = "<group>";
		};
		5C5467642861F0280068BB9A /* DownloadsCell */ = {
			isa = PBXGroup;
			children = (
				5C5467652861F04D0068BB9A /* DownloadsCollectionViewCell.swift */,
				5C5467662861F04D0068BB9A /* DownloadsCollectionViewCell.xib */,
			);
			path = DownloadsCell;
			sourceTree = "<group>";
		};
		5C5AAA832850C88300407B42 /* MovieDetailsModule */ = {
			isa = PBXGroup;
			children = (
				5C5AAA862850C8C300407B42 /* Model */,
				5C5AAA872850C8CF00407B42 /* View */,
				5C5AAA882850C8D500407B42 /* ViewModel */,
			);
			path = MovieDetailsModule;
			sourceTree = "<group>";
		};
		5C5AAA862850C8C300407B42 /* Model */ = {
			isa = PBXGroup;
			children = (
				5C5AAA842850C8B600407B42 /* MovieDetailsModel.swift */,
				5C5233FC28526EE40079110F /* MovieVideoModel.swift */,
				5C7C81B728570F6A00A4D772 /* MovieCastsModel.swift */,
				5C467EAE286D6FBA00D48563 /* SimiliarMoviesModel.swift */,
			);
			path = Model;
			sourceTree = "<group>";
		};
		5C5AAA872850C8CF00407B42 /* View */ = {
			isa = PBXGroup;
			children = (
				5C5AAA8B2850C90500407B42 /* MovieDetailsViewController.swift */,
			);
			path = View;
			sourceTree = "<group>";
		};
		5C5AAA882850C8D500407B42 /* ViewModel */ = {
			isa = PBXGroup;
			children = (
				5C5AAA892850C8ED00407B42 /* MovieDetailsViewModel.swift */,
			);
			path = ViewModel;
			sourceTree = "<group>";
		};
		5C6EC5E628450BC000A2007A = {
			isa = PBXGroup;
			children = (
				5C6EC5F128450BC000A2007A /* Movie App */,
				5CDC71722876A002008C6361 /* Movie AppTests */,
				5C6EC5F028450BC000A2007A /* Products */,
				59140991A4E04945F83B5CB1 /* Pods */,
				FB86D55EE1DB572136BFC56D /* Frameworks */,
			);
			sourceTree = "<group>";
		};
		5C6EC5F028450BC000A2007A /* Products */ = {
			isa = PBXGroup;
			children = (
				5C6EC5EF28450BC000A2007A /* Movie App.app */,
				5CDC71712876A001008C6361 /* Movie AppTests.xctest */,
			);
			name = Products;
			sourceTree = "<group>";
		};
		5C6EC5F128450BC000A2007A /* Movie App */ = {
			isa = PBXGroup;
			children = (
				5C6EC5F228450BC000A2007A /* AppDelegate.swift */,
				5C6EC5F428450BC000A2007A /* SceneDelegate.swift */,
				5C5467582861E5410068BB9A /* CoreData.xcdatamodeld */,
				5C9C94992860EBB000072BED /* LocalDatabase */,
				5C1956C928461D4F00322FED /* Network */,
				5C6EC60A2845179100A2007A /* Helper */,
				5CC4F0692873001D008E4DA6 /* Modules */,
				5C6EC5FB28450BC400A2007A /* Assets.xcassets */,
				5C54675F2861EF030068BB9A /* Main.storyboard */,
				5C6EC5FD28450BC400A2007A /* LaunchScreen.storyboard */,
				5C6EC60028450BC400A2007A /* Info.plist */,
			);
			path = "Movie App";
			sourceTree = "<group>";
		};
		5C6EC60628450C7900A2007A /* HomeModule */ = {
			isa = PBXGroup;
			children = (
				5C6EC60828450C9600A2007A /* Model */,
				5C6EC60728450C8A00A2007A /* View */,
				5C6EC60928450C9B00A2007A /* ViewModel */,
			);
			path = HomeModule;
			sourceTree = "<group>";
		};
		5C6EC60728450C8A00A2007A /* View */ = {
			isa = PBXGroup;
			children = (
				5C6EC5F628450BC000A2007A /* HomeViewController.swift */,
			);
			path = View;
			sourceTree = "<group>";
		};
		5C6EC60828450C9600A2007A /* Model */ = {
			isa = PBXGroup;
			children = (
				5C0B8E68284AC3FC0010AAED /* ItemsModel.swift */,
				5CD1927828514B040007621A /* TVShowsModel */,
				5CD1927728514AF70007621A /* MovieModel */,
			);
			path = Model;
			sourceTree = "<group>";
		};
		5C6EC60928450C9B00A2007A /* ViewModel */ = {
			isa = PBXGroup;
			children = (
				5CA49F39284C125B00384A82 /* CellsViewModel.swift */,
				5CD1927A28514B660007621A /* TvShowsViewModel */,
				5CD1927928514B570007621A /* MoviesViewModel */,
			);
			path = ViewModel;
			sourceTree = "<group>";
		};
		5C6EC60A2845179100A2007A /* Helper */ = {
			isa = PBXGroup;
			children = (
				5C78D6CA28476F54002D0CFB /* ReusableCells */,
				5C1EF1542865864100976E80 /* PanModalViewController.swift */,
				5CA1796F28587A86001C6792 /* TrailerView */,
				5C2B1259289807EB003A446E /* Extesions */,
			);
			path = Helper;
			sourceTree = "<group>";
		};
		5C78D6CA28476F54002D0CFB /* ReusableCells */ = {
			isa = PBXGroup;
			children = (
				5C418AF328704062008BC547 /* Genres Cell */,
				5C5467642861F0280068BB9A /* DownloadsCell */,
				5CA1796A2858571E001C6792 /* PersonCell */,
				5C7C81B92857100300A4D772 /* MovieCastCell */,
				5C1FBF5928522DB800BAA7B3 /* MovieDetailsCell */,
				5CCD70C92846852700B5E19B /* HomeCell */,
				5C78D6CF28477C71002D0CFB /* HomeItemsCell */,
				5C230FC7284D668600017A9B /* ComingSoonCell */,
			);
			path = ReusableCells;
			sourceTree = "<group>";
		};
		5C78D6CF28477C71002D0CFB /* HomeItemsCell */ = {
			isa = PBXGroup;
			children = (
				5C78D6CB28476F8D002D0CFB /* CollectionViewCell.swift */,
				5C78D6CC28476F8D002D0CFB /* CollectionViewCell.xib */,
			);
			path = HomeItemsCell;
			sourceTree = "<group>";
		};
		5C7C81B92857100300A4D772 /* MovieCastCell */ = {
			isa = PBXGroup;
			children = (
				5C7C81BA2857102100A4D772 /* MovieCastCollectionViewCell.swift */,
				5C7C81BB2857102100A4D772 /* MovieCastCollectionViewCell.xib */,
			);
			path = MovieCastCell;
			sourceTree = "<group>";
		};
		5C867FEF285B2153008B2356 /* SubscriptionModule */ = {
			isa = PBXGroup;
			children = (
				5C867FF2285B2536008B2356 /* SubscriptionViewController.swift */,
			);
			path = SubscriptionModule;
			sourceTree = "<group>";
		};
		5C9C94992860EBB000072BED /* LocalDatabase */ = {
			isa = PBXGroup;
			children = (
				5C9C949E2860EC6C00072BED /* CoreDataHelper.swift */,
				5C5467562861D3B40068BB9A /* DownloadedTrailerModel.swift */,
			);
			path = LocalDatabase;
			sourceTree = "<group>";
		};
		5CA1796A2858571E001C6792 /* PersonCell */ = {
			isa = PBXGroup;
			children = (
				5CA1796B2858574B001C6792 /* PersonTableViewCell.swift */,
				5CA1796C2858574B001C6792 /* PersonTableViewCell.xib */,
			);
			path = PersonCell;
			sourceTree = "<group>";
		};
		5CA1796F28587A86001C6792 /* TrailerView */ = {
			isa = PBXGroup;
			children = (
				5CDD537E285888CA002376A8 /* PlayerViewModel */,
				5CDD53792858877D002376A8 /* PlayerCell */,
				5CA1797028587BE9001C6792 /* TrailerView.swift */,
				5CA1797228587BF7001C6792 /* TrailerView.xib */,
			);
			path = TrailerView;
			sourceTree = "<group>";
		};
		5CABBA7B286DBA8700890A87 /* SeeAllMovies */ = {
			isa = PBXGroup;
			children = (
				5CABBA7C286DBAAB00890A87 /* SeeAllMoviesViewController.swift */,
				5CABBA83286DBE0D00890A87 /* SeeAllMoviesViewModel.swift */,
			);
			path = SeeAllMovies;
			sourceTree = "<group>";
		};
		5CC4F0552872BA9D008E4DA6 /* SearchModule */ = {
			isa = PBXGroup;
			children = (
				5CC4F0572872BDF9008E4DA6 /* Model */,
				5CC4F0562872BDE5008E4DA6 /* View */,
				5CC4F0582872BDFE008E4DA6 /* ViewModel */,
			);
			path = SearchModule;
			sourceTree = "<group>";
		};
		5CC4F0562872BDE5008E4DA6 /* View */ = {
			isa = PBXGroup;
			children = (
				5CC4F0532872BA8F008E4DA6 /* SearchViewController.swift */,
			);
			path = View;
			sourceTree = "<group>";
		};
		5CC4F0572872BDF9008E4DA6 /* Model */ = {
			isa = PBXGroup;
			children = (
				5CC4F0592872BF67008E4DA6 /* SearchModel.swift */,
			);
			path = Model;
			sourceTree = "<group>";
		};
		5CC4F0582872BDFE008E4DA6 /* ViewModel */ = {
			isa = PBXGroup;
			children = (
				5CC4F05B2872C0A9008E4DA6 /* SearchViewModel.swift */,
			);
			path = ViewModel;
			sourceTree = "<group>";
		};
		5CC4F0622872FEF6008E4DA6 /* TvShow */ = {
			isa = PBXGroup;
			children = (
				5CDFAB42287312D0002E5704 /* TvDetailsCell */,
				5CC4F0632872FF0E008E4DA6 /* TvShowDetailsModule */,
			);
			path = TvShow;
			sourceTree = "<group>";
		};
		5CC4F0632872FF0E008E4DA6 /* TvShowDetailsModule */ = {
			isa = PBXGroup;
			children = (
				5CC4F0642872FF1F008E4DA6 /* Model */,
				5CC4F0652872FF26008E4DA6 /* View */,
				5CC4F0662872FF2A008E4DA6 /* ViewModel */,
			);
			path = TvShowDetailsModule;
			sourceTree = "<group>";
		};
		5CC4F0642872FF1F008E4DA6 /* Model */ = {
			isa = PBXGroup;
			children = (
				5CDFAB472873169F002E5704 /* TvTrailerModel.swift */,
				5CDFAB492873172A002E5704 /* TvDetailsModel.swift */,
				5CDFAB4B28731A38002E5704 /* TvSeasonsModel.swift */,
				5CDFAB4D28731A7D002E5704 /* TvEpisonsModel.swift */,
				5CDFAB4F28731BFA002E5704 /* TvCastsModel.swift */,
			);
			path = Model;
			sourceTree = "<group>";
		};
		5CC4F0652872FF26008E4DA6 /* View */ = {
			isa = PBXGroup;
			children = (
				5CDFAB40287311CF002E5704 /* TvShowDetailsViewController.swift */,
			);
			path = View;
			sourceTree = "<group>";
		};
		5CC4F0662872FF2A008E4DA6 /* ViewModel */ = {
			isa = PBXGroup;
			children = (
				5CDFAB5128731C2C002E5704 /* TvShowDetailsViewModel.swift */,
			);
			path = ViewModel;
			sourceTree = "<group>";
		};
		5CC4F0692873001D008E4DA6 /* Modules */ = {
			isa = PBXGroup;
			children = (
				5C6EC60628450C7900A2007A /* HomeModule */,
				5CD4937D284D5FD40030C278 /* ComingSoonModule */,
				5C5AAA832850C88300407B42 /* MovieDetailsModule */,
				5C091154285744C3009E9F9F /* PersonsDetailModule */,
				5C09116328575052009E9F9F /* PersonDetail */,
				5C867FEF285B2153008B2356 /* SubscriptionModule */,
				5CDAAA07285C68F900C0B127 /* DownloadsModule */,
				5C418AF828704CDB008BC547 /* GenresModule */,
				5C418AE928703914008BC547 /* DiscoverModule */,
				5CABBA7B286DBA8700890A87 /* SeeAllMovies */,
				5CC4F0552872BA9D008E4DA6 /* SearchModule */,
				5CC4F0622872FEF6008E4DA6 /* TvShow */,
			);
			path = Modules;
			sourceTree = "<group>";
		};
		5CCD70C92846852700B5E19B /* HomeCell */ = {
			isa = PBXGroup;
			children = (
				5CCD70CA2846856000B5E19B /* HomeCollectionViewCell.swift */,
				5CCD70CB2846856000B5E19B /* HomeCollectionViewCell.xib */,
			);
			path = HomeCell;
			sourceTree = "<group>";
		};
		5CD1927728514AF70007621A /* MovieModel */ = {
			isa = PBXGroup;
			children = (
				5CCD70BF2846449600B5E19B /* TrendingMovieModel.swift */,
				5C78D6E028497129002D0CFB /* PopularMoviesModel.swift */,
				5C78D6E2284971D1002D0CFB /* TopRatedModel.swift */,
				5CD4937B284D5CAC0030C278 /* NowPlayingModel.swift */,
			);
			path = MovieModel;
			sourceTree = "<group>";
		};
		5CD1927828514B040007621A /* TVShowsModel */ = {
			isa = PBXGroup;
			children = (
				5CCD70C3284645D400B5E19B /* TrendingTVModel.swift */,
				5CD1927D28514C2B0007621A /* AiringTvTodayModel.swift */,
				5CD1927F28514C470007621A /* OnTheAirTvModel.swift */,
				5CD1928128514C580007621A /* PopularTvModel.swift */,
				5CD1928328514C690007621A /* TopRatedTvModel.swift */,
			);
			path = TVShowsModel;
			sourceTree = "<group>";
		};
		5CD1927928514B570007621A /* MoviesViewModel */ = {
			isa = PBXGroup;
			children = (
				5CA49F3B284C17A700384A82 /* MovieViewModel.swift */,
			);
			path = MoviesViewModel;
			sourceTree = "<group>";
		};
		5CD1927A28514B660007621A /* TvShowsViewModel */ = {
			isa = PBXGroup;
			children = (
				5CD192732851489E0007621A /* TVShowsViewModel.swift */,
			);
			path = TvShowsViewModel;
			sourceTree = "<group>";
		};
		5CD4937D284D5FD40030C278 /* ComingSoonModule */ = {
			isa = PBXGroup;
			children = (
				5CD4937E284D5FFB0030C278 /* Model */,
				5C230FC4284D63D900017A9B /* View */,
				5CD4937F284D60000030C278 /* ViewModel */,
			);
			path = ComingSoonModule;
			sourceTree = "<group>";
		};
		5CD4937E284D5FFB0030C278 /* Model */ = {
			isa = PBXGroup;
			children = (
				5CCD70C1284645C200B5E19B /* UpcomigMoviesModel.swift */,
			);
			path = Model;
			sourceTree = "<group>";
		};
		5CD4937F284D60000030C278 /* ViewModel */ = {
			isa = PBXGroup;
			children = (
				5CD49380284D60350030C278 /* ComingSoonViewModel.swift */,
			);
			path = ViewModel;
			sourceTree = "<group>";
		};
		5CDAAA07285C68F900C0B127 /* DownloadsModule */ = {
			isa = PBXGroup;
			children = (
				5CDAAA08285C690900C0B127 /* View */,
				5C5467612861EFDF0068BB9A /* ViewModel */,
				5CE1A6D3286344C7005C1596 /* RatePostModel.swift */,
			);
			path = DownloadsModule;
			sourceTree = "<group>";
		};
		5CDAAA08285C690900C0B127 /* View */ = {
			isa = PBXGroup;
			children = (
				5CDAAA09285C692700C0B127 /* DownloadsViewController.swift */,
				5CDAAA0D285CA58F00C0B127 /* IAPViewController.swift */,
			);
			path = View;
			sourceTree = "<group>";
		};
		5CDC71722876A002008C6361 /* Movie AppTests */ = {
			isa = PBXGroup;
			children = (
				5CDC717D2876CBF2008C6361 /* HomeTests.swift */,
				5CDC71732876A002008C6361 /* Movie_AppTests.swift */,
			);
			path = "Movie AppTests";
			sourceTree = "<group>";
		};
		5CDD53792858877D002376A8 /* PlayerCell */ = {
			isa = PBXGroup;
			children = (
				5CDD537A285887AA002376A8 /* PlayerCollectionViewCell.swift */,
				5CDD537B285887AA002376A8 /* PlayerCollectionViewCell.xib */,
			);
			path = PlayerCell;
			sourceTree = "<group>";
		};
		5CDD537E285888CA002376A8 /* PlayerViewModel */ = {
			isa = PBXGroup;
			children = (
				5CDD537F28588B30002376A8 /* PlayerViewModel.swift */,
			);
			path = PlayerViewModel;
			sourceTree = "<group>";
		};
		5CDFAB42287312D0002E5704 /* TvDetailsCell */ = {
			isa = PBXGroup;
			children = (
				5CDFAB43287312F6002E5704 /* TvShowDetailsTableViewCell.swift */,
				5CDFAB44287312F6002E5704 /* TvShowDetailsTableViewCell.xib */,
			);
			path = TvDetailsCell;
			sourceTree = "<group>";
		};
		FB86D55EE1DB572136BFC56D /* Frameworks */ = {
			isa = PBXGroup;
			children = (
				FDF5718962C0D3A3F79FDDFA /* Pods_Movie_App.framework */,
			);
			name = Frameworks;
			sourceTree = "<group>";
		};
/* End PBXGroup section */

/* Begin PBXNativeTarget section */
		5C6EC5EE28450BC000A2007A /* Movie App */ = {
			isa = PBXNativeTarget;
			buildConfigurationList = 5C6EC60328450BC400A2007A /* Build configuration list for PBXNativeTarget "Movie App" */;
			buildPhases = (
				C11AE8A84515F0582099C86C /* [CP] Check Pods Manifest.lock */,
				5C6EC5EB28450BC000A2007A /* Sources */,
				5C6EC5EC28450BC000A2007A /* Frameworks */,
				5CA179612858541A001C6792 /* Resources */,
				67974D4D5B4816766E677F54 /* [CP] Embed Pods Frameworks */,
			);
			buildRules = (
			);
			dependencies = (
			);
			name = "Movie App";
			productName = "Movie App";
			productReference = 5C6EC5EF28450BC000A2007A /* Movie App.app */;
			productType = "com.apple.product-type.application";
		};
		5CDC71702876A001008C6361 /* Movie AppTests */ = {
			isa = PBXNativeTarget;
			buildConfigurationList = 5CDC71792876A002008C6361 /* Build configuration list for PBXNativeTarget "Movie AppTests" */;
			buildPhases = (
				5CDC716D2876A001008C6361 /* Sources */,
				5CDC716E2876A001008C6361 /* Frameworks */,
				5CDC716F2876A001008C6361 /* Resources */,
			);
			buildRules = (
			);
			dependencies = (
				5CDC71762876A002008C6361 /* PBXTargetDependency */,
			);
			name = "Movie AppTests";
			productName = "Movie AppTests";
			productReference = 5CDC71712876A001008C6361 /* Movie AppTests.xctest */;
			productType = "com.apple.product-type.bundle.unit-test";
		};
/* End PBXNativeTarget section */

/* Begin PBXProject section */
		5C6EC5E728450BC000A2007A /* Project object */ = {
			isa = PBXProject;
			attributes = {
				BuildIndependentTargetsInParallel = 1;
				LastSwiftUpdateCheck = 1340;
				LastUpgradeCheck = 1340;
				TargetAttributes = {
					5C6EC5EE28450BC000A2007A = {
						CreatedOnToolsVersion = 13.4;
					};
					5CDC71702876A001008C6361 = {
						CreatedOnToolsVersion = 13.4.1;
						TestTargetID = 5C6EC5EE28450BC000A2007A;
					};
				};
			};
			buildConfigurationList = 5C6EC5EA28450BC000A2007A /* Build configuration list for PBXProject "Movie App" */;
			compatibilityVersion = "Xcode 13.0";
			developmentRegion = en;
			hasScannedForEncodings = 0;
			knownRegions = (
				en,
				Base,
			);
			mainGroup = 5C6EC5E628450BC000A2007A;
			productRefGroup = 5C6EC5F028450BC000A2007A /* Products */;
			projectDirPath = "";
			projectRoot = "";
			targets = (
				5C6EC5EE28450BC000A2007A /* Movie App */,
				5CDC71702876A001008C6361 /* Movie AppTests */,
			);
		};
/* End PBXProject section */

/* Begin PBXResourcesBuildPhase section */
		5CA179612858541A001C6792 /* Resources */ = {
			isa = PBXResourcesBuildPhase;
			buildActionMask = 2147483647;
			files = (
				5C418AF72870408E008BC547 /* GenreCollectionViewCell.xib in Resources */,
				5CA17962285854C8001C6792 /* MovieCastCollectionViewCell.xib in Resources */,
				5CA1797328587BF7001C6792 /* TrailerView.xib in Resources */,
				5CA17963285854C8001C6792 /* DetailsTableViewCell.xib in Resources */,
				5CA1796E2858574B001C6792 /* PersonTableViewCell.xib in Resources */,
				5CA17964285854C8001C6792 /* HomeCollectionViewCell.xib in Resources */,
				5C5467602861EF030068BB9A /* Main.storyboard in Resources */,
				5CA17965285854C8001C6792 /* CollectionViewCell.xib in Resources */,
				5CDD537D285887AA002376A8 /* PlayerCollectionViewCell.xib in Resources */,
				5CA17966285854C8001C6792 /* ComingSoonCollectionViewCell.xib in Resources */,
				5CA17967285854C8001C6792 /* Assets.xcassets in Resources */,
				5CDFAB46287312F6002E5704 /* TvShowDetailsTableViewCell.xib in Resources */,
				5C5467682861F04D0068BB9A /* DownloadsCollectionViewCell.xib in Resources */,
				5CA17969285854C8001C6792 /* LaunchScreen.storyboard in Resources */,
			);
			runOnlyForDeploymentPostprocessing = 0;
		};
		5CDC716F2876A001008C6361 /* Resources */ = {
			isa = PBXResourcesBuildPhase;
			buildActionMask = 2147483647;
			files = (
			);
			runOnlyForDeploymentPostprocessing = 0;
		};
/* End PBXResourcesBuildPhase section */

/* Begin PBXShellScriptBuildPhase section */
		67974D4D5B4816766E677F54 /* [CP] Embed Pods Frameworks */ = {
			isa = PBXShellScriptBuildPhase;
			buildActionMask = 2147483647;
			files = (
			);
			inputFileListPaths = (
				"${PODS_ROOT}/Target Support Files/Pods-Movie App/Pods-Movie App-frameworks-${CONFIGURATION}-input-files.xcfilelist",
			);
			name = "[CP] Embed Pods Frameworks";
			outputFileListPaths = (
				"${PODS_ROOT}/Target Support Files/Pods-Movie App/Pods-Movie App-frameworks-${CONFIGURATION}-output-files.xcfilelist",
			);
			runOnlyForDeploymentPostprocessing = 0;
			shellPath = /bin/sh;
			shellScript = "\"${PODS_ROOT}/Target Support Files/Pods-Movie App/Pods-Movie App-frameworks.sh\"\n";
			showEnvVarsInLog = 0;
		};
		C11AE8A84515F0582099C86C /* [CP] Check Pods Manifest.lock */ = {
			isa = PBXShellScriptBuildPhase;
			buildActionMask = 2147483647;
			files = (
			);
			inputFileListPaths = (
			);
			inputPaths = (
				"${PODS_PODFILE_DIR_PATH}/Podfile.lock",
				"${PODS_ROOT}/Manifest.lock",
			);
			name = "[CP] Check Pods Manifest.lock";
			outputFileListPaths = (
			);
			outputPaths = (
				"$(DERIVED_FILE_DIR)/Pods-Movie App-checkManifestLockResult.txt",
			);
			runOnlyForDeploymentPostprocessing = 0;
			shellPath = /bin/sh;
			shellScript = "diff \"${PODS_PODFILE_DIR_PATH}/Podfile.lock\" \"${PODS_ROOT}/Manifest.lock\" > /dev/null\nif [ $? != 0 ] ; then\n    # print error to STDERR\n    echo \"error: The sandbox is not in sync with the Podfile.lock. Run 'pod install' or update your CocoaPods installation.\" >&2\n    exit 1\nfi\n# This output is used by Xcode 'outputs' to avoid re-running this script phase.\necho \"SUCCESS\" > \"${SCRIPT_OUTPUT_FILE_0}\"\n";
			showEnvVarsInLog = 0;
		};
/* End PBXShellScriptBuildPhase section */

/* Begin PBXSourcesBuildPhase section */
		5C6EC5EB28450BC000A2007A /* Sources */ = {
			isa = PBXSourcesBuildPhase;
			buildActionMask = 2147483647;
			files = (
				5C5233FD28526EE40079110F /* MovieVideoModel.swift in Sources */,
				5C418AF028703DE6008BC547 /* GenresModel.swift in Sources */,
				5CD6B9852858A85B00F2D8D5 /* Int + Extension.swift in Sources */,
				5C54675A2861E5410068BB9A /* CoreData.xcdatamodeld in Sources */,
				5C78D6E128497129002D0CFB /* PopularMoviesModel.swift in Sources */,
				5C418AFE28704D22008BC547 /* DiscoverViewModel.swift in Sources */,
				5C5AAA852850C8B600407B42 /* MovieDetailsModel.swift in Sources */,
				5C5AAA8C2850C90500407B42 /* MovieDetailsViewController.swift in Sources */,
				5CD0C4B22857C0BF00EA4134 /* AppDelegate.swift in Sources */,
				5CDAAA0C285CA32800C0B127 /* IAPManager.swift in Sources */,
				5CD4937C284D5CAC0030C278 /* NowPlayingModel.swift in Sources */,
				5C5467572861D3B40068BB9A /* DownloadedTrailerModel.swift in Sources */,
				5C78D6E528497253002D0CFB /* DiscoverMoviesModel.swift in Sources */,
				5CA1797128587BE9001C6792 /* TrailerView.swift in Sources */,
				5C6EC60C284517AC00A2007A /* UIView + Extension.swift in Sources */,
				5C230FC6284D63FB00017A9B /* ComingSoonViewController.swift in Sources */,
				5C5467632861EFF80068BB9A /* DownloadsViewModel.swift in Sources */,
				5CD1927E28514C2B0007621A /* AiringTvTodayModel.swift in Sources */,
				5C78D6E728498A73002D0CFB /* UIImageView + Extesion.swift in Sources */,
				5CDAAA0E285CA59000C0B127 /* IAPViewController.swift in Sources */,
				5CDFAB4C28731A38002E5704 /* TvSeasonsModel.swift in Sources */,
				5CA49F3C284C17A700384A82 /* MovieViewModel.swift in Sources */,
				5CDFAB482873169F002E5704 /* TvTrailerModel.swift in Sources */,
				5CA1796D2858574B001C6792 /* PersonTableViewCell.swift in Sources */,
				5C5AAA8A2850C8ED00407B42 /* MovieDetailsViewModel.swift in Sources */,
				5CDAAA0A285C692700C0B127 /* DownloadsViewController.swift in Sources */,
				5C78D6E3284971D1002D0CFB /* TopRatedModel.swift in Sources */,
				5CA49F3A284C125B00384A82 /* CellsViewModel.swift in Sources */,
				5CD1928228514C580007621A /* PopularTvModel.swift in Sources */,
				5CC4F05A2872BF67008E4DA6 /* SearchModel.swift in Sources */,
				5C7C81B828570F6A00A4D772 /* MovieCastsModel.swift in Sources */,
				5C6EC5F728450BC000A2007A /* HomeViewController.swift in Sources */,
				5CD49381284D60350030C278 /* ComingSoonViewModel.swift in Sources */,
				5C9C949F2860EC6C00072BED /* CoreDataHelper.swift in Sources */,
				5CDD537C285887AA002376A8 /* PlayerCollectionViewCell.swift in Sources */,
				5CCD70BC2846297400B5E19B /* WebService.swift in Sources */,
				5C6EC6102845747A00A2007A /* UIColor + Extension.swift in Sources */,
				5CDFAB4E28731A7D002E5704 /* TvEpisonsModel.swift in Sources */,
				5C1EF1552865864100976E80 /* PanModalViewController.swift in Sources */,
				5CDFAB41287311CF002E5704 /* TvShowDetailsViewController.swift in Sources */,
				5CD6B98328589FA600F2D8D5 /* UIViewController + Extension.swift in Sources */,
				5CD0C4AF2857B95300EA4134 /* PersonModel.swift in Sources */,
				5CCD70BE284629F900B5E19B /* WebServiceManager.swift in Sources */,
				5CD1928028514C470007621A /* OnTheAirTvModel.swift in Sources */,
				5CD1928428514C690007621A /* TopRatedTvModel.swift in Sources */,
				5CC4F0542872BA8F008E4DA6 /* SearchViewController.swift in Sources */,
				5C867FF3285B2536008B2356 /* SubscriptionViewController.swift in Sources */,
				5C418AEB2870393D008BC547 /* GenresViewController.swift in Sources */,
				5C091168285750B8009E9F9F /* PersonDetailViewController.swift in Sources */,
				5C09115628574516009E9F9F /* PersonsDetailViewController.swift in Sources */,
				5CABBA7D286DBAAB00890A87 /* SeeAllMoviesViewController.swift in Sources */,
				5C78D6CD28476F8D002D0CFB /* CollectionViewCell.swift in Sources */,
				5C09115D28574823009E9F9F /* PersonDetailViewModel.swift in Sources */,
				5C418AF62870408E008BC547 /* GenreCollectionViewCell.swift in Sources */,
				5C5467672861F04D0068BB9A /* DownloadsCollectionViewCell.swift in Sources */,
				5C467EB1286D71BC00D48563 /* FilmographyModel.swift in Sources */,
				5C230FCA284D66AF00017A9B /* ComingSoonCollectionViewCell.swift in Sources */,
				5C7C81BC2857102100A4D772 /* MovieCastCollectionViewCell.swift in Sources */,
				5CDFAB5028731BFA002E5704 /* TvCastsModel.swift in Sources */,
				5CCD70CC2846856000B5E19B /* HomeCollectionViewCell.swift in Sources */,
				5CDFAB4A2873172A002E5704 /* TvDetailsModel.swift in Sources */,
				5CCD70C02846449600B5E19B /* TrendingMovieModel.swift in Sources */,
				5CDD538028588B30002376A8 /* PlayerViewModel.swift in Sources */,
				5C1956CB28461D6F00322FED /* NetworkRequest.swift in Sources */,
				5C09116C2857B015009E9F9F /* PersonViewModel.swift in Sources */,
				5C09A0E028524A8F00A23740 /* DetailsTableViewCell.swift in Sources */,
				5CDFAB5228731C2C002E5704 /* TvShowDetailsViewModel.swift in Sources */,
				5CC4F05C2872C0A9008E4DA6 /* SearchViewModel.swift in Sources */,
				5CD192742851489E0007621A /* TVShowsViewModel.swift in Sources */,
				5C467EAF286D6FBA00D48563 /* SimiliarMoviesModel.swift in Sources */,
				5C6EC5F528450BC000A2007A /* SceneDelegate.swift in Sources */,
				5CABBA84286DBE0D00890A87 /* SeeAllMoviesViewModel.swift in Sources */,
				5CCD70C4284645D400B5E19B /* TrendingTVModel.swift in Sources */,
				5CDFAB45287312F6002E5704 /* TvShowDetailsTableViewCell.swift in Sources */,
				5CE1A6D4286344C7005C1596 /* RatePostModel.swift in Sources */,
				5C0B8E69284AC3FC0010AAED /* ItemsModel.swift in Sources */,
				5CCD70C2284645C200B5E19B /* UpcomigMoviesModel.swift in Sources */,
			);
			runOnlyForDeploymentPostprocessing = 0;
		};
		5CDC716D2876A001008C6361 /* Sources */ = {
			isa = PBXSourcesBuildPhase;
			buildActionMask = 2147483647;
			files = (
				5CDC717E2876CBF2008C6361 /* HomeTests.swift in Sources */,
				5CDC71742876A002008C6361 /* Movie_AppTests.swift in Sources */,
			);
			runOnlyForDeploymentPostprocessing = 0;
		};
/* End PBXSourcesBuildPhase section */

/* Begin PBXTargetDependency section */
		5CDC71762876A002008C6361 /* PBXTargetDependency */ = {
			isa = PBXTargetDependency;
			target = 5C6EC5EE28450BC000A2007A /* Movie App */;
			targetProxy = 5CDC71752876A002008C6361 /* PBXContainerItemProxy */;
		};
/* End PBXTargetDependency section */

/* Begin PBXVariantGroup section */
		5C6EC5FD28450BC400A2007A /* LaunchScreen.storyboard */ = {
			isa = PBXVariantGroup;
			children = (
				5C6EC5FE28450BC400A2007A /* Base */,
			);
			name = LaunchScreen.storyboard;
			sourceTree = "<group>";
		};
/* End PBXVariantGroup section */

/* Begin XCBuildConfiguration section */
		5C6EC60128450BC400A2007A /* Debug */ = {
			isa = XCBuildConfiguration;
			buildSettings = {
				ALWAYS_SEARCH_USER_PATHS = NO;
				CLANG_ANALYZER_NONNULL = YES;
				CLANG_ANALYZER_NUMBER_OBJECT_CONVERSION = YES_AGGRESSIVE;
				CLANG_CXX_LANGUAGE_STANDARD = "gnu++17";
				CLANG_ENABLE_MODULES = YES;
				CLANG_ENABLE_OBJC_ARC = YES;
				CLANG_ENABLE_OBJC_WEAK = YES;
				CLANG_WARN_BLOCK_CAPTURE_AUTORELEASING = YES;
				CLANG_WARN_BOOL_CONVERSION = YES;
				CLANG_WARN_COMMA = YES;
				CLANG_WARN_CONSTANT_CONVERSION = YES;
				CLANG_WARN_DEPRECATED_OBJC_IMPLEMENTATIONS = YES;
				CLANG_WARN_DIRECT_OBJC_ISA_USAGE = YES_ERROR;
				CLANG_WARN_DOCUMENTATION_COMMENTS = YES;
				CLANG_WARN_EMPTY_BODY = YES;
				CLANG_WARN_ENUM_CONVERSION = YES;
				CLANG_WARN_INFINITE_RECURSION = YES;
				CLANG_WARN_INT_CONVERSION = YES;
				CLANG_WARN_NON_LITERAL_NULL_CONVERSION = YES;
				CLANG_WARN_OBJC_IMPLICIT_RETAIN_SELF = YES;
				CLANG_WARN_OBJC_LITERAL_CONVERSION = YES;
				CLANG_WARN_OBJC_ROOT_CLASS = YES_ERROR;
				CLANG_WARN_QUOTED_INCLUDE_IN_FRAMEWORK_HEADER = YES;
				CLANG_WARN_RANGE_LOOP_ANALYSIS = YES;
				CLANG_WARN_STRICT_PROTOTYPES = YES;
				CLANG_WARN_SUSPICIOUS_MOVE = YES;
				CLANG_WARN_UNGUARDED_AVAILABILITY = YES_AGGRESSIVE;
				CLANG_WARN_UNREACHABLE_CODE = YES;
				CLANG_WARN__DUPLICATE_METHOD_MATCH = YES;
				COPY_PHASE_STRIP = NO;
				DEBUG_INFORMATION_FORMAT = dwarf;
				ENABLE_STRICT_OBJC_MSGSEND = YES;
				ENABLE_TESTABILITY = YES;
				GCC_C_LANGUAGE_STANDARD = gnu11;
				GCC_DYNAMIC_NO_PIC = NO;
				GCC_NO_COMMON_BLOCKS = YES;
				GCC_OPTIMIZATION_LEVEL = 0;
				GCC_PREPROCESSOR_DEFINITIONS = (
					"DEBUG=1",
					"$(inherited)",
				);
				GCC_WARN_64_TO_32_BIT_CONVERSION = YES;
				GCC_WARN_ABOUT_RETURN_TYPE = YES_ERROR;
				GCC_WARN_UNDECLARED_SELECTOR = YES;
				GCC_WARN_UNINITIALIZED_AUTOS = YES_AGGRESSIVE;
				GCC_WARN_UNUSED_FUNCTION = YES;
				GCC_WARN_UNUSED_VARIABLE = YES;
				IPHONEOS_DEPLOYMENT_TARGET = 15.5;
				MTL_ENABLE_DEBUG_INFO = INCLUDE_SOURCE;
				MTL_FAST_MATH = YES;
				ONLY_ACTIVE_ARCH = YES;
				SDKROOT = iphoneos;
				SWIFT_ACTIVE_COMPILATION_CONDITIONS = DEBUG;
				SWIFT_OPTIMIZATION_LEVEL = "-Onone";
			};
			name = Debug;
		};
		5C6EC60228450BC400A2007A /* Release */ = {
			isa = XCBuildConfiguration;
			buildSettings = {
				ALWAYS_SEARCH_USER_PATHS = NO;
				CLANG_ANALYZER_NONNULL = YES;
				CLANG_ANALYZER_NUMBER_OBJECT_CONVERSION = YES_AGGRESSIVE;
				CLANG_CXX_LANGUAGE_STANDARD = "gnu++17";
				CLANG_ENABLE_MODULES = YES;
				CLANG_ENABLE_OBJC_ARC = YES;
				CLANG_ENABLE_OBJC_WEAK = YES;
				CLANG_WARN_BLOCK_CAPTURE_AUTORELEASING = YES;
				CLANG_WARN_BOOL_CONVERSION = YES;
				CLANG_WARN_COMMA = YES;
				CLANG_WARN_CONSTANT_CONVERSION = YES;
				CLANG_WARN_DEPRECATED_OBJC_IMPLEMENTATIONS = YES;
				CLANG_WARN_DIRECT_OBJC_ISA_USAGE = YES_ERROR;
				CLANG_WARN_DOCUMENTATION_COMMENTS = YES;
				CLANG_WARN_EMPTY_BODY = YES;
				CLANG_WARN_ENUM_CONVERSION = YES;
				CLANG_WARN_INFINITE_RECURSION = YES;
				CLANG_WARN_INT_CONVERSION = YES;
				CLANG_WARN_NON_LITERAL_NULL_CONVERSION = YES;
				CLANG_WARN_OBJC_IMPLICIT_RETAIN_SELF = YES;
				CLANG_WARN_OBJC_LITERAL_CONVERSION = YES;
				CLANG_WARN_OBJC_ROOT_CLASS = YES_ERROR;
				CLANG_WARN_QUOTED_INCLUDE_IN_FRAMEWORK_HEADER = YES;
				CLANG_WARN_RANGE_LOOP_ANALYSIS = YES;
				CLANG_WARN_STRICT_PROTOTYPES = YES;
				CLANG_WARN_SUSPICIOUS_MOVE = YES;
				CLANG_WARN_UNGUARDED_AVAILABILITY = YES_AGGRESSIVE;
				CLANG_WARN_UNREACHABLE_CODE = YES;
				CLANG_WARN__DUPLICATE_METHOD_MATCH = YES;
				COPY_PHASE_STRIP = NO;
				DEBUG_INFORMATION_FORMAT = "dwarf-with-dsym";
				ENABLE_NS_ASSERTIONS = NO;
				ENABLE_STRICT_OBJC_MSGSEND = YES;
				GCC_C_LANGUAGE_STANDARD = gnu11;
				GCC_NO_COMMON_BLOCKS = YES;
				GCC_WARN_64_TO_32_BIT_CONVERSION = YES;
				GCC_WARN_ABOUT_RETURN_TYPE = YES_ERROR;
				GCC_WARN_UNDECLARED_SELECTOR = YES;
				GCC_WARN_UNINITIALIZED_AUTOS = YES_AGGRESSIVE;
				GCC_WARN_UNUSED_FUNCTION = YES;
				GCC_WARN_UNUSED_VARIABLE = YES;
				IPHONEOS_DEPLOYMENT_TARGET = 15.5;
				MTL_ENABLE_DEBUG_INFO = NO;
				MTL_FAST_MATH = YES;
				SDKROOT = iphoneos;
				SWIFT_COMPILATION_MODE = wholemodule;
				SWIFT_OPTIMIZATION_LEVEL = "-O";
				VALIDATE_PRODUCT = YES;
			};
			name = Release;
		};
		5C6EC60428450BC400A2007A /* Debug */ = {
			isa = XCBuildConfiguration;
			baseConfigurationReference = 74B1E7782839D4837FE71DA7 /* Pods-Movie App.debug.xcconfig */;
			buildSettings = {
				ASSETCATALOG_COMPILER_APPICON_NAME = AppIcon;
				ASSETCATALOG_COMPILER_GLOBAL_ACCENT_COLOR_NAME = AccentColor;
				CODE_SIGN_STYLE = Automatic;
				CURRENT_PROJECT_VERSION = 1;
				DEVELOPMENT_TEAM = X6WK5UKJ63;
				GENERATE_INFOPLIST_FILE = YES;
				INFOPLIST_FILE = "Movie App/Info.plist";
				INFOPLIST_KEY_UIApplicationSupportsIndirectInputEvents = YES;
				INFOPLIST_KEY_UILaunchStoryboardName = LaunchScreen;
				INFOPLIST_KEY_UIMainStoryboardFile = Main;
				INFOPLIST_KEY_UISupportedInterfaceOrientations = UIInterfaceOrientationPortrait;
				INFOPLIST_KEY_UISupportedInterfaceOrientations_iPad = "UIInterfaceOrientationPortrait UIInterfaceOrientationPortraitUpsideDown UIInterfaceOrientationLandscapeLeft UIInterfaceOrientationLandscapeRight";
				INFOPLIST_KEY_UISupportedInterfaceOrientations_iPhone = "UIInterfaceOrientationPortrait UIInterfaceOrientationLandscapeLeft UIInterfaceOrientationLandscapeRight";
				LD_RUNPATH_SEARCH_PATHS = (
					"$(inherited)",
					"@executable_path/Frameworks",
				);
				MACH_O_TYPE = mh_execute;
				MARKETING_VERSION = 1.0;
				PRODUCT_BUNDLE_IDENTIFIER = "com.rufan.abdurahmanov.Movie-App";
				PRODUCT_NAME = "$(TARGET_NAME)";
				SWIFT_EMIT_LOC_STRINGS = YES;
				SWIFT_VERSION = 5.0;
				TARGETED_DEVICE_FAMILY = 1;
			};
			name = Debug;
		};
		5C6EC60528450BC400A2007A /* Release */ = {
			isa = XCBuildConfiguration;
			baseConfigurationReference = 5BCC0988A66896E36048B95D /* Pods-Movie App.release.xcconfig */;
			buildSettings = {
				ASSETCATALOG_COMPILER_APPICON_NAME = AppIcon;
				ASSETCATALOG_COMPILER_GLOBAL_ACCENT_COLOR_NAME = AccentColor;
				CODE_SIGN_STYLE = Automatic;
				CURRENT_PROJECT_VERSION = 1;
				DEVELOPMENT_TEAM = X6WK5UKJ63;
				GENERATE_INFOPLIST_FILE = YES;
				INFOPLIST_FILE = "Movie App/Info.plist";
				INFOPLIST_KEY_UIApplicationSupportsIndirectInputEvents = YES;
				INFOPLIST_KEY_UILaunchStoryboardName = LaunchScreen;
				INFOPLIST_KEY_UIMainStoryboardFile = Main;
				INFOPLIST_KEY_UISupportedInterfaceOrientations = UIInterfaceOrientationPortrait;
				INFOPLIST_KEY_UISupportedInterfaceOrientations_iPad = "UIInterfaceOrientationPortrait UIInterfaceOrientationPortraitUpsideDown UIInterfaceOrientationLandscapeLeft UIInterfaceOrientationLandscapeRight";
				INFOPLIST_KEY_UISupportedInterfaceOrientations_iPhone = "UIInterfaceOrientationPortrait UIInterfaceOrientationLandscapeLeft UIInterfaceOrientationLandscapeRight";
				LD_RUNPATH_SEARCH_PATHS = (
					"$(inherited)",
					"@executable_path/Frameworks",
				);
				MACH_O_TYPE = mh_execute;
				MARKETING_VERSION = 1.0;
				PRODUCT_BUNDLE_IDENTIFIER = "com.rufan.abdurahmanov.Movie-App";
				PRODUCT_NAME = "$(TARGET_NAME)";
				SWIFT_EMIT_LOC_STRINGS = YES;
				SWIFT_VERSION = 5.0;
				TARGETED_DEVICE_FAMILY = 1;
			};
			name = Release;
		};
		5CDC71772876A002008C6361 /* Debug */ = {
			isa = XCBuildConfiguration;
			buildSettings = {
				BUNDLE_LOADER = "$(TEST_HOST)";
				CODE_SIGN_STYLE = Automatic;
				CURRENT_PROJECT_VERSION = 1;
				DEVELOPMENT_TEAM = X6WK5UKJ63;
				GENERATE_INFOPLIST_FILE = YES;
				MARKETING_VERSION = 1.0;
				PRODUCT_BUNDLE_IDENTIFIER = "com.rufan.abdurahmanov.Movie-AppTests";
				PRODUCT_NAME = "$(TARGET_NAME)";
				SWIFT_EMIT_LOC_STRINGS = NO;
				SWIFT_VERSION = 5.0;
				TARGETED_DEVICE_FAMILY = "1,2";
				TEST_HOST = "$(BUILT_PRODUCTS_DIR)/Movie App.app/Movie App";
			};
			name = Debug;
		};
		5CDC71782876A002008C6361 /* Release */ = {
			isa = XCBuildConfiguration;
			buildSettings = {
				BUNDLE_LOADER = "$(TEST_HOST)";
				CODE_SIGN_STYLE = Automatic;
				CURRENT_PROJECT_VERSION = 1;
				DEVELOPMENT_TEAM = X6WK5UKJ63;
				GENERATE_INFOPLIST_FILE = YES;
				MARKETING_VERSION = 1.0;
				PRODUCT_BUNDLE_IDENTIFIER = "com.rufan.abdurahmanov.Movie-AppTests";
				PRODUCT_NAME = "$(TARGET_NAME)";
				SWIFT_EMIT_LOC_STRINGS = NO;
				SWIFT_VERSION = 5.0;
				TARGETED_DEVICE_FAMILY = "1,2";
				TEST_HOST = "$(BUILT_PRODUCTS_DIR)/Movie App.app/Movie App";
			};
			name = Release;
		};
/* End XCBuildConfiguration section */

/* Begin XCConfigurationList section */
		5C6EC5EA28450BC000A2007A /* Build configuration list for PBXProject "Movie App" */ = {
			isa = XCConfigurationList;
			buildConfigurations = (
				5C6EC60128450BC400A2007A /* Debug */,
				5C6EC60228450BC400A2007A /* Release */,
			);
			defaultConfigurationIsVisible = 0;
			defaultConfigurationName = Release;
		};
		5C6EC60328450BC400A2007A /* Build configuration list for PBXNativeTarget "Movie App" */ = {
			isa = XCConfigurationList;
			buildConfigurations = (
				5C6EC60428450BC400A2007A /* Debug */,
				5C6EC60528450BC400A2007A /* Release */,
			);
			defaultConfigurationIsVisible = 0;
			defaultConfigurationName = Release;
		};
		5CDC71792876A002008C6361 /* Build configuration list for PBXNativeTarget "Movie AppTests" */ = {
			isa = XCConfigurationList;
			buildConfigurations = (
				5CDC71772876A002008C6361 /* Debug */,
				5CDC71782876A002008C6361 /* Release */,
			);
			defaultConfigurationIsVisible = 0;
			defaultConfigurationName = Release;
		};
/* End XCConfigurationList section */

/* Begin XCVersionGroup section */
		5C5467582861E5410068BB9A /* CoreData.xcdatamodeld */ = {
			isa = XCVersionGroup;
			children = (
				5C5467592861E5410068BB9A /* CoreData.xcdatamodel */,
			);
			currentVersion = 5C5467592861E5410068BB9A /* CoreData.xcdatamodel */;
			path = CoreData.xcdatamodeld;
			sourceTree = "<group>";
			versionGroupType = wrapper.xcdatamodel;
		};
/* End XCVersionGroup section */
	};
	rootObject = 5C6EC5E728450BC000A2007A /* Project object */;
}
